
Microsoft Visual Studio Solution File, Format Version 12.00
# Visual Studio Version 16
VisualStudioVersion = 16.0.29123.88
MinimumVisualStudioVersion = 10.0.40219.1
Project("{8BC9CEB8-8B4A-11D0-8D11-00A0C91BC942}") = "Example", "Example\Example.vcxproj", "{B40D4D62-CA32-4B3B-911C-8352A3F4F02B}"
EndProject
Project("{8BC9CEB8-8B4A-11D0-8D11-00A0C91BC942}") = "PlaygroundEngine", "PlaygroundEngine\PlaygroundEngine.vcxproj", "{544846F0-5760-42C4-B944-D296820C6464}"
EndProject
Global
	GlobalSection(SolutionConfigurationPlatforms) = preSolution
		Debug|x64 = Debug|x64
		Release|x64 = Release|x64
	EndGlobalSection
	GlobalSection(ProjectConfigurationPlatforms) = postSolution
		{544846F0-5760-42C4-B944-D296820C6464}.Debug|x64.ActiveCfg = Debug|x64
		{544846F0-5760-42C4-B944-D296820C6464}.Debug|x64.Build.0 = Debug|x64
		{544846F0-5760-42C4-B944-D296820C6464}.Release|x64.ActiveCfg = Release|x64
		{544846F0-5760-42C4-B944-D296820C6464}.Release|x64.Build.0 = Release|x64
		{B40D4D62-CA32-4B3B-911C-8352A3F4F02B}.Debug|x64.ActiveCfg = Debug|x64
		{B40D4D62-CA32-4B3B-911C-8352A3F4F02B}.Debug|x64.Build.0 = Debug|x64
		{B40D4D62-CA32-4B3B-911C-8352A3F4F02B}.Release|x64.ActiveCfg = Release|x64
		{B40D4D62-CA32-4B3B-911C-8352A3F4F02B}.Release|x64.Build.0 = Release|x64
	EndGlobalSection
	GlobalSection(SolutionProperties) = preSolution
		HideSolutionNode = FALSE
	EndGlobalSection
	GlobalSection(ExtensibilityGlobals) = postSolution
		SolutionGuid = {652B9258-FE53-4404-B6AF-06F7EC446DB9}
	EndGlobalSection
EndGlobal
